
Microsoft Visual Studio Solution File, Format Version 12.00
# Visual Studio Version 17
VisualStudioVersion = 17.7.34018.315
MinimumVisualStudioVersion = 10.0.40219.1
Project("{9A19103F-16F7-4668-BE54-9A1E7A4F7556}") = "app", "app\app.csproj", "{3F48C632-25A2-4679-A397-B7083A505DD5}"
EndProject
Project("{9A19103F-16F7-4668-BE54-9A1E7A4F7556}") = "DataValidation", "DataValidation\DataValidation.csproj", "{E1C6080A-A861-4349-8455-3ABEF56911AA}"
EndProject
Project("{9A19103F-16F7-4668-BE54-9A1E7A4F7556}") = "DataEncryption", "DataEncryption\DataEncryption.csproj", "{5DA1E194-5923-45E1-B164-EE89E290F714}"
EndProject
Project("{FAE04EC0-301F-11D3-BF4B-00C04F79EFBC}") = "CustomControlLibrary", "CustomControlLibrary\CustomControlLibrary.csproj", "{EB423F80-907B-4110-9E11-33B92FD71763}"
EndProject
Global
	GlobalSection(SolutionConfigurationPlatforms) = preSolution
		Debug|Any CPU = Debug|Any CPU
		Release|Any CPU = Release|Any CPU
	EndGlobalSection
	GlobalSection(ProjectConfigurationPlatforms) = postSolution
		{3F48C632-25A2-4679-A397-B7083A505DD5}.Debug|Any CPU.ActiveCfg = Debug|Any CPU
		{3F48C632-25A2-4679-A397-B7083A505DD5}.Debug|Any CPU.Build.0 = Debug|Any CPU
		{3F48C632-25A2-4679-A397-B7083A505DD5}.Release|Any CPU.ActiveCfg = Release|Any CPU
		{3F48C632-25A2-4679-A397-B7083A505DD5}.Release|Any CPU.Build.0 = Release|Any CPU
		{E1C6080A-A861-4349-8455-3ABEF56911AA}.Debug|Any CPU.ActiveCfg = Debug|Any CPU
		{E1C6080A-A861-4349-8455-3ABEF56911AA}.Debug|Any CPU.Build.0 = Debug|Any CPU
		{E1C6080A-A861-4349-8455-3ABEF56911AA}.Release|Any CPU.ActiveCfg = Release|Any CPU
		{E1C6080A-A861-4349-8455-3ABEF56911AA}.Release|Any CPU.Build.0 = Release|Any CPU
		{5DA1E194-5923-45E1-B164-EE89E290F714}.Debug|Any CPU.ActiveCfg = Debug|Any CPU
		{5DA1E194-5923-45E1-B164-EE89E290F714}.Debug|Any CPU.Build.0 = Debug|Any CPU
		{5DA1E194-5923-45E1-B164-EE89E290F714}.Release|Any CPU.ActiveCfg = Release|Any CPU
		{5DA1E194-5923-45E1-B164-EE89E290F714}.Release|Any CPU.Build.0 = Release|Any CPU
		{EB423F80-907B-4110-9E11-33B92FD71763}.Debug|Any CPU.ActiveCfg = Debug|Any CPU
		{EB423F80-907B-4110-9E11-33B92FD71763}.Debug|Any CPU.Build.0 = Debug|Any CPU
		{EB423F80-907B-4110-9E11-33B92FD71763}.Release|Any CPU.ActiveCfg = Release|Any CPU
		{EB423F80-907B-4110-9E11-33B92FD71763}.Release|Any CPU.Build.0 = Release|Any CPU
	EndGlobalSection
	GlobalSection(SolutionProperties) = preSolution
		HideSolutionNode = FALSE
	EndGlobalSection
	GlobalSection(ExtensibilityGlobals) = postSolution
		SolutionGuid = {841D33E5-7508-408C-A607-55D6A3E8316E}
	EndGlobalSection
EndGlobal
